// !$*UTF8*$!
{
	archiveVersion = 1;
	classes = {
	};
	objectVersion = 77;
	objects = {

/* Begin PBXBuildFile section */
		009E59BD8CA1E7AD71FDEB81 /* FlowEvent.swift in Sources */ = {isa = PBXBuildFile; fileRef = 2399FA3DE163B633B8BC2018 /* FlowEvent.swift */; };
		01A5C9972CECFFEC93121302 /* AppleSpeechTranscriberTests.swift in Sources */ = {isa = PBXBuildFile; fileRef = F20632989C08F2A6B50F25CB /* AppleSpeechTranscriberTests.swift */; };
		047A9BB643958C8688E54FA7 /* DictationQualityPreset.swift in Sources */ = {isa = PBXBuildFile; fileRef = 85A8BBCC9F6F4FC73E403F38 /* DictationQualityPreset.swift */; };
		076FB575CDF5ADDC99A9B684 /* AppleFoundationTextRefinerTests.swift in Sources */ = {isa = PBXBuildFile; fileRef = 3B11B4DB90B7E13D1D6AD26F /* AppleFoundationTextRefinerTests.swift */; };
		07FCAFD9366068F4E865FCAF /* AdvancedSettingsView.swift in Sources */ = {isa = PBXBuildFile; fileRef = 92D10556F5D867A6A9125D38 /* AdvancedSettingsView.swift */; };
		0CC272532BA67F5F75CF8EB9 /* AppStateProjectionTests.swift in Sources */ = {isa = PBXBuildFile; fileRef = 029D18DCE2CA86C99A62A263 /* AppStateProjectionTests.swift */; };
		13EEA5523CF39C0F5388D9AD /* LatencyMetricsRecorder.swift in Sources */ = {isa = PBXBuildFile; fileRef = B2528D73C4A1E7E12EBDE930 /* LatencyMetricsRecorder.swift */; };
		16DF2652EBD1DF09812B2BE9 /* FlowReducer.swift in Sources */ = {isa = PBXBuildFile; fileRef = 0C97887C6158C5855A8D1B60 /* FlowReducer.swift */; };
		1875F2A87EA9A06682F2FE5E /* FnHotkeyInterpreterTests.swift in Sources */ = {isa = PBXBuildFile; fileRef = CBAE7D8C72A54E8641ACB779 /* FnHotkeyInterpreterTests.swift */; };
		18B58FE621F7DC3CFAC597BB /* OtoLogger.swift in Sources */ = {isa = PBXBuildFile; fileRef = 4866BD840DF69D814F1261BF /* OtoLogger.swift */; };
		25840DF77FDF4665A07B3C16 /* AudioEncoder.mlmodelc in Resources */ = {isa = PBXBuildFile; fileRef = 2B9F70F62FCF16EDB791DFBB /* AudioEncoder.mlmodelc */; };
		26883EFEA262F404E7539B46 /* TranscriptStoreTests.swift in Sources */ = {isa = PBXBuildFile; fileRef = 74A583E1435A15B5198880B0 /* TranscriptStoreTests.swift */; };
		2F071CE6DDD2DFB9E97CADC9 /* FlowState.swift in Sources */ = {isa = PBXBuildFile; fileRef = 5F1713AF276F6D39DE0BBB2D /* FlowState.swift */; };
		3517361859534F471889D8F8 /* TranscriptArtifacts.swift in Sources */ = {isa = PBXBuildFile; fileRef = B40147ACDAF45781A31D0C03 /* TranscriptArtifacts.swift */; };
		356E7910AD141A71604B9D78 /* RefinementLatencyRecorderTests.swift in Sources */ = {isa = PBXBuildFile; fileRef = 2D653260E8B2D59A58C11616 /* RefinementLatencyRecorderTests.swift */; };
		35E01C16708C556528014B4B /* AppState.swift in Sources */ = {isa = PBXBuildFile; fileRef = 7845E21AF6D9514BD7E2F9C9 /* AppState.swift */; };
		3684C0788B23EFBE7C48346E /* RecorderVisualState.swift in Sources */ = {isa = PBXBuildFile; fileRef = E995F012EDBFAD036A08391C /* RecorderVisualState.swift */; };
		38E954A3C58AD79651ACF77C /* RecordingFlowCoordinatorTests.swift in Sources */ = {isa = PBXBuildFile; fileRef = 351064DDFDAB14261C1C75CE /* RecordingFlowCoordinatorTests.swift */; };
		3A3B2481A32D4DCAD2D37434 /* GlobalTranscriptPasteShortcutHandler.swift in Sources */ = {isa = PBXBuildFile; fileRef = 73C5BC82E0B0362D1D45AAD9 /* GlobalTranscriptPasteShortcutHandler.swift */; };
		4170EB41708D9F056748BC44 /* WhisperLatencyMetrics.swift in Sources */ = {isa = PBXBuildFile; fileRef = 95CFB6A8149870DE1D64256C /* WhisperLatencyMetrics.swift */; };
		42AF6424E28A3D153EE0CE1A /* ServiceConformances.swift in Sources */ = {isa = PBXBuildFile; fileRef = 9BB44CFB0B9E1C9379CBB189 /* ServiceConformances.swift */; };
		4974A9AA8C8C737D6FC9B4B3 /* ServiceProtocols.swift in Sources */ = {isa = PBXBuildFile; fileRef = 1054DD8A0FE02CD53EF2CFD1 /* ServiceProtocols.swift */; };
		4E2409D6F711A7D88D8C21DA /* GlobalTranscriptPasteShortcutHandlerTests.swift in Sources */ = {isa = PBXBuildFile; fileRef = 2DF78ED3AFF0621010D7FC83 /* GlobalTranscriptPasteShortcutHandlerTests.swift */; };
		5112DF1EF36BB30603607D84 /* RecordingFlowCoordinator.swift in Sources */ = {isa = PBXBuildFile; fileRef = B0F19911603693FAA2AAFF2D /* RecordingFlowCoordinator.swift */; };
		51AB22219E3CE9D1C09ADC0F /* CommandVPasteService.swift in Sources */ = {isa = PBXBuildFile; fileRef = 388CAC0677DEF01040D75534 /* CommandVPasteService.swift */; };
		58492A46D5C4084578CFBD3C /* FrontmostApplicationTracker.swift in Sources */ = {isa = PBXBuildFile; fileRef = BB3A907BEDDB3D394C5C9ADA /* FrontmostApplicationTracker.swift */; };
		594637A8CBABB5E3466B1F84 /* SessionTranscriptClipboard.swift in Sources */ = {isa = PBXBuildFile; fileRef = DD000A70B1F921533F275832 /* SessionTranscriptClipboard.swift */; };
		5963445E4C5B49DE2351B2D1 /* FloatingOverlayView.swift in Sources */ = {isa = PBXBuildFile; fileRef = 7FEE98277A31E355E7AF6628 /* FloatingOverlayView.swift */; };
		59A9975A3CC0D1C7E277B7DF /* TextInjectionModels.swift in Sources */ = {isa = PBXBuildFile; fileRef = 6FA0872165C06D18AAD855E9 /* TextInjectionModels.swift */; };
		5A6108ED42A153B2101DCD91 /* SessionTranscriptClipboardTests.swift in Sources */ = {isa = PBXBuildFile; fileRef = 2C17792B6B94553CB9F0D62D /* SessionTranscriptClipboardTests.swift */; };
		5BD39B172BEEF3A0625BD6E1 /* TranscriptHistoryStoreTests.swift in Sources */ = {isa = PBXBuildFile; fileRef = D48E89B42B3B21FC716FBE28 /* TranscriptHistoryStoreTests.swift */; };
		5FF92D94ED9ACFBD5FD1626E /* tokenizer.json in Resources */ = {isa = PBXBuildFile; fileRef = 35BE87DA37F36171C1D48F9C /* tokenizer.json */; };
		65E7A6DA7B14DD568FFA253D /* TranscriptNormalizerTests.swift in Sources */ = {isa = PBXBuildFile; fileRef = 92A25852EFD05A57ADAFBF34 /* TranscriptNormalizerTests.swift */; };
		67FCC16DF418B363C2F355A4 /* GlobalHotkeyService.swift in Sources */ = {isa = PBXBuildFile; fileRef = A506EB87ACFD418186747B2D /* GlobalHotkeyService.swift */; };
		69B5B5B0D58D1BBD43AAAF6B /* RefinementLatencyMetrics.swift in Sources */ = {isa = PBXBuildFile; fileRef = DDA451F3FAD719747E974DF7 /* RefinementLatencyMetrics.swift */; };
		6CFDCDC3BB1F28C45A6CD69C /* TranscriptHistoryEntry.swift in Sources */ = {isa = PBXBuildFile; fileRef = FB6784C16CBB53C1947240C5 /* TranscriptHistoryEntry.swift */; };
		718FA72929265F1DF5247449 /* LatencyMetricsRecorderTests.swift in Sources */ = {isa = PBXBuildFile; fileRef = 6C7E0BFE0AA4EAC384764608 /* LatencyMetricsRecorderTests.swift */; };
		753CBAEF419CB369024AAD77 /* RefinementLatencyRecorder.swift in Sources */ = {isa = PBXBuildFile; fileRef = 8F333E3C683EA8B377EB3560 /* RefinementLatencyRecorder.swift */; };
		7D11C18C47BAE87FA2C74FA7 /* FloatingOverlayWindowController.swift in Sources */ = {isa = PBXBuildFile; fileRef = 57E84B1EA1A3193297F375FE /* FloatingOverlayWindowController.swift */; };
		7D90BB97586805950C0FDB50 /* TextRefinementModels.swift in Sources */ = {isa = PBXBuildFile; fileRef = 3DA4A65E1FC87B1A4C7758C1 /* TextRefinementModels.swift */; };
		7F6C8D201606BCC3BE6419E2 /* WhisperLatencyTrackerTests.swift in Sources */ = {isa = PBXBuildFile; fileRef = C03E6BC1A3ABD168A73D06AD /* WhisperLatencyTrackerTests.swift */; };
		85E4DB4EEC5C3E3235E28E3D /* WhisperKitTranscriberTests.swift in Sources */ = {isa = PBXBuildFile; fileRef = E955AD7FBF4FAD874409598B /* WhisperKitTranscriberTests.swift */; };
		870EA9BE2EA2610BE69B3FBF /* GlobalTranscriptPasteHotkeyService.swift in Sources */ = {isa = PBXBuildFile; fileRef = D0E71670FCB0A2E67057DFF6 /* GlobalTranscriptPasteHotkeyService.swift */; };
		885C76F54EB7D2BB2F0B68E0 /* config.json in Resources */ = {isa = PBXBuildFile; fileRef = 82248A88E3E75F26B464E92B /* config.json */; };
		8B3C18FCBFC965559BA1E410 /* TranscriptHistoryStore.swift in Sources */ = {isa = PBXBuildFile; fileRef = 269876A5BF39F03987E45304 /* TranscriptHistoryStore.swift */; };
		90BAF462B814B92BBFA6126B /* TextRefinementPolicyTests.swift in Sources */ = {isa = PBXBuildFile; fileRef = 5637F60B38F877B887594748 /* TextRefinementPolicyTests.swift */; };
		95BB63344B75F995A753C8D1 /* TextInjectionServiceTests.swift in Sources */ = {isa = PBXBuildFile; fileRef = 3C5D3DAA37B3C7B81E99CC72 /* TextInjectionServiceTests.swift */; };
		97D24D84F6ADA819B127AF86 /* TextRefinementPolicy.swift in Sources */ = {isa = PBXBuildFile; fileRef = 0E5A874871104234E5329DC7 /* TextRefinementPolicy.swift */; };
		99F65CEFFCF3B09840EB120F /* AppleSpeechTranscriber.swift in Sources */ = {isa = PBXBuildFile; fileRef = 2C06F49762AB80C6DEF81851 /* AppleSpeechTranscriber.swift */; };
		9A69DC90E4EEFAE7FB6AA490 /* FlowReducerTests.swift in Sources */ = {isa = PBXBuildFile; fileRef = 61522BEB3CD0BA89D8688C9E /* FlowReducerTests.swift */; };
		9DF4F353A36A8E9BAA2960C9 /* AudioFileRecorder.swift in Sources */ = {isa = PBXBuildFile; fileRef = 5EF402121CB300C7F16B0FE5 /* AudioFileRecorder.swift */; };
		A387A4C3C38924207789465B /* README.md in Resources */ = {isa = PBXBuildFile; fileRef = FD7022B6656D84BFDD60D189 /* README.md */; };
		A4F1C0DED18E15BD7E1379B6 /* generation_config.json in Resources */ = {isa = PBXBuildFile; fileRef = AE869401E5E5965A1A6214D7 /* generation_config.json */; };
		A7BD94BE7591B5A46FE31B82 /* TextInjectionService.swift in Sources */ = {isa = PBXBuildFile; fileRef = 3DCBB5BD2235278987AC5BA8 /* TextInjectionService.swift */; };
		B5C39A61AD24CF4BDEDF6B07 /* TextDecoder.mlmodelc in Resources */ = {isa = PBXBuildFile; fileRef = 5CCEA0542CFBF70D32692B3F /* TextDecoder.mlmodelc */; };
		B63B2B523D0698587DDE207F /* AppStateProjection.swift in Sources */ = {isa = PBXBuildFile; fileRef = C8F8518CF7720B50E4CDFA6A /* AppStateProjection.swift */; };
		B6409969D9ADB68B7640CBB1 /* ReliabilityFlowState.swift in Sources */ = {isa = PBXBuildFile; fileRef = BA3397FB16B03EE9EA889BA2 /* ReliabilityFlowState.swift */; };
		BC37241257D04675A24D4204 /* BackendLatencyMetrics.swift in Sources */ = {isa = PBXBuildFile; fileRef = 2B6086EEEC91E1AF428100F1 /* BackendLatencyMetrics.swift */; };
		BE7833B200852E5ADCFABAD2 /* STTBackend.swift in Sources */ = {isa = PBXBuildFile; fileRef = 774A6CA1F5129C91667D7F0E /* STTBackend.swift */; };
		BEF35925BA48896F8538A3FA /* CommandVPasteServiceTests.swift in Sources */ = {isa = PBXBuildFile; fileRef = 5730727AC6446567BE4A33A8 /* CommandVPasteServiceTests.swift */; };
		C5231A076A26045208F43689 /* MenuContentView.swift in Sources */ = {isa = PBXBuildFile; fileRef = 94830C5F09064F718DDC7A40 /* MenuContentView.swift */; };
		C99047DC037D2821DBAB2A6B /* TranscriptNormalizer.swift in Sources */ = {isa = PBXBuildFile; fileRef = 4B07827C944535416770E678 /* TranscriptNormalizer.swift */; };
		CF71787BFFE35B678D0B7B44 /* Assets.xcassets in Resources */ = {isa = PBXBuildFile; fileRef = E86457BBB8DA2FF8E14176BC /* Assets.xcassets */; };
		D24C579BDD02CD30F6BE4A12 /* TextRefinementMode.swift in Sources */ = {isa = PBXBuildFile; fileRef = 97BA80567CEC62A882C54EB7 /* TextRefinementMode.swift */; };
		D39D1238B4241DDFF6B71AC6 /* MelSpectrogram.mlmodelc in Resources */ = {isa = PBXBuildFile; fileRef = 9FC434FD2C91E5D11FBCA965 /* MelSpectrogram.mlmodelc */; };
		D58A35A946DA732A1BFCAA61 /* AppleFoundationTextRefiner.swift in Sources */ = {isa = PBXBuildFile; fileRef = 8AFE56E9377C8E039BF3DB0B /* AppleFoundationTextRefiner.swift */; };
		D75A91E8EA9720254CF88D25 /* FnHotkeyInterpreter.swift in Sources */ = {isa = PBXBuildFile; fileRef = 38B9950FE5EDCF61B9B86D43 /* FnHotkeyInterpreter.swift */; };
		D92CE9F5E7A2B61063DADB43 /* AdvancedSettingsWindowController.swift in Sources */ = {isa = PBXBuildFile; fileRef = E2BE7F3CBD5DD24D8D53EBDF /* AdvancedSettingsWindowController.swift */; };
		E3D6325196FAB1579E43D706 /* TranscriptStore.swift in Sources */ = {isa = PBXBuildFile; fileRef = 5D1DEA11D03AD97E547360FA /* TranscriptStore.swift */; };
		EE1EF0388047890E13DCDF51 /* OtoApp.swift in Sources */ = {isa = PBXBuildFile; fileRef = 64008F83175E820C70232B03 /* OtoApp.swift */; };
		EE27AA2BA243E0AFC462FC5D /* WhisperKit in Frameworks */ = {isa = PBXBuildFile; productRef = 1115AEEADAA9FF724B1F6043 /* WhisperKit */; };
		EF7005588CC8D83C35C525BB /* WhisperKitTranscriber.swift in Sources */ = {isa = PBXBuildFile; fileRef = 8700D5647F8FF370FAAE1DBD /* WhisperKitTranscriber.swift */; };
		F2F49DF051BAE47510BB142B /* RecordingFlowCoordinatorRefinementTests.swift in Sources */ = {isa = PBXBuildFile; fileRef = 15D77400371570C0A3287443 /* RecordingFlowCoordinatorRefinementTests.swift */; };
		FAC04CFA9F99EBB0ABE096FF /* HotkeyTriggerMode.swift in Sources */ = {isa = PBXBuildFile; fileRef = B155DA3F2C3B13F21424A8E3 /* HotkeyTriggerMode.swift */; };
/* End PBXBuildFile section */

/* Begin PBXContainerItemProxy section */
		74073231E70CA96FB650F7B8 /* PBXContainerItemProxy */ = {
			isa = PBXContainerItemProxy;
			containerPortal = EEFB248B9FE4E0F502D92FAB /* Project object */;
			proxyType = 1;
			remoteGlobalIDString = E0E81D2D0F664538CA08C5FD;
			remoteInfo = Oto;
		};
/* End PBXContainerItemProxy section */

/* Begin PBXFileReference section */
		029D18DCE2CA86C99A62A263 /* AppStateProjectionTests.swift */ = {isa = PBXFileReference; lastKnownFileType = sourcecode.swift; path = AppStateProjectionTests.swift; sourceTree = "<group>"; };
		0C97887C6158C5855A8D1B60 /* FlowReducer.swift */ = {isa = PBXFileReference; lastKnownFileType = sourcecode.swift; path = FlowReducer.swift; sourceTree = "<group>"; };
		0E5A874871104234E5329DC7 /* TextRefinementPolicy.swift */ = {isa = PBXFileReference; lastKnownFileType = sourcecode.swift; path = TextRefinementPolicy.swift; sourceTree = "<group>"; };
		1054DD8A0FE02CD53EF2CFD1 /* ServiceProtocols.swift */ = {isa = PBXFileReference; lastKnownFileType = sourcecode.swift; path = ServiceProtocols.swift; sourceTree = "<group>"; };
		107B208E59B7C941B87E621D /* Oto.app */ = {isa = PBXFileReference; explicitFileType = wrapper.application; includeInIndex = 0; path = Oto.app; sourceTree = BUILT_PRODUCTS_DIR; };
		15D77400371570C0A3287443 /* RecordingFlowCoordinatorRefinementTests.swift */ = {isa = PBXFileReference; lastKnownFileType = sourcecode.swift; path = RecordingFlowCoordinatorRefinementTests.swift; sourceTree = "<group>"; };
		2399FA3DE163B633B8BC2018 /* FlowEvent.swift */ = {isa = PBXFileReference; lastKnownFileType = sourcecode.swift; path = FlowEvent.swift; sourceTree = "<group>"; };
		269876A5BF39F03987E45304 /* TranscriptHistoryStore.swift */ = {isa = PBXFileReference; lastKnownFileType = sourcecode.swift; path = TranscriptHistoryStore.swift; sourceTree = "<group>"; };
		2B6086EEEC91E1AF428100F1 /* BackendLatencyMetrics.swift */ = {isa = PBXFileReference; lastKnownFileType = sourcecode.swift; path = BackendLatencyMetrics.swift; sourceTree = "<group>"; };
		2B9F70F62FCF16EDB791DFBB /* AudioEncoder.mlmodelc */ = {isa = PBXFileReference; path = AudioEncoder.mlmodelc; sourceTree = "<group>"; };
		2C06F49762AB80C6DEF81851 /* AppleSpeechTranscriber.swift */ = {isa = PBXFileReference; lastKnownFileType = sourcecode.swift; path = AppleSpeechTranscriber.swift; sourceTree = "<group>"; };
		2C17792B6B94553CB9F0D62D /* SessionTranscriptClipboardTests.swift */ = {isa = PBXFileReference; lastKnownFileType = sourcecode.swift; path = SessionTranscriptClipboardTests.swift; sourceTree = "<group>"; };
		2D653260E8B2D59A58C11616 /* RefinementLatencyRecorderTests.swift */ = {isa = PBXFileReference; lastKnownFileType = sourcecode.swift; path = RefinementLatencyRecorderTests.swift; sourceTree = "<group>"; };
		2DF78ED3AFF0621010D7FC83 /* GlobalTranscriptPasteShortcutHandlerTests.swift */ = {isa = PBXFileReference; lastKnownFileType = sourcecode.swift; path = GlobalTranscriptPasteShortcutHandlerTests.swift; sourceTree = "<group>"; };
		351064DDFDAB14261C1C75CE /* RecordingFlowCoordinatorTests.swift */ = {isa = PBXFileReference; lastKnownFileType = sourcecode.swift; path = RecordingFlowCoordinatorTests.swift; sourceTree = "<group>"; };
		35BE87DA37F36171C1D48F9C /* tokenizer.json */ = {isa = PBXFileReference; lastKnownFileType = text.json; path = tokenizer.json; sourceTree = "<group>"; };
		388CAC0677DEF01040D75534 /* CommandVPasteService.swift */ = {isa = PBXFileReference; lastKnownFileType = sourcecode.swift; path = CommandVPasteService.swift; sourceTree = "<group>"; };
		38B9950FE5EDCF61B9B86D43 /* FnHotkeyInterpreter.swift */ = {isa = PBXFileReference; lastKnownFileType = sourcecode.swift; path = FnHotkeyInterpreter.swift; sourceTree = "<group>"; };
		3B11B4DB90B7E13D1D6AD26F /* AppleFoundationTextRefinerTests.swift */ = {isa = PBXFileReference; lastKnownFileType = sourcecode.swift; path = AppleFoundationTextRefinerTests.swift; sourceTree = "<group>"; };
		3C5D3DAA37B3C7B81E99CC72 /* TextInjectionServiceTests.swift */ = {isa = PBXFileReference; lastKnownFileType = sourcecode.swift; path = TextInjectionServiceTests.swift; sourceTree = "<group>"; };
		3DA4A65E1FC87B1A4C7758C1 /* TextRefinementModels.swift */ = {isa = PBXFileReference; lastKnownFileType = sourcecode.swift; path = TextRefinementModels.swift; sourceTree = "<group>"; };
		3DCBB5BD2235278987AC5BA8 /* TextInjectionService.swift */ = {isa = PBXFileReference; lastKnownFileType = sourcecode.swift; path = TextInjectionService.swift; sourceTree = "<group>"; };
		4866BD840DF69D814F1261BF /* OtoLogger.swift */ = {isa = PBXFileReference; lastKnownFileType = sourcecode.swift; path = OtoLogger.swift; sourceTree = "<group>"; };
		4B07827C944535416770E678 /* TranscriptNormalizer.swift */ = {isa = PBXFileReference; lastKnownFileType = sourcecode.swift; path = TranscriptNormalizer.swift; sourceTree = "<group>"; };
		5637F60B38F877B887594748 /* TextRefinementPolicyTests.swift */ = {isa = PBXFileReference; lastKnownFileType = sourcecode.swift; path = TextRefinementPolicyTests.swift; sourceTree = "<group>"; };
		5730727AC6446567BE4A33A8 /* CommandVPasteServiceTests.swift */ = {isa = PBXFileReference; lastKnownFileType = sourcecode.swift; path = CommandVPasteServiceTests.swift; sourceTree = "<group>"; };
		57E84B1EA1A3193297F375FE /* FloatingOverlayWindowController.swift */ = {isa = PBXFileReference; lastKnownFileType = sourcecode.swift; path = FloatingOverlayWindowController.swift; sourceTree = "<group>"; };
		5CCEA0542CFBF70D32692B3F /* TextDecoder.mlmodelc */ = {isa = PBXFileReference; path = TextDecoder.mlmodelc; sourceTree = "<group>"; };
		5D1DEA11D03AD97E547360FA /* TranscriptStore.swift */ = {isa = PBXFileReference; lastKnownFileType = sourcecode.swift; path = TranscriptStore.swift; sourceTree = "<group>"; };
		5EF402121CB300C7F16B0FE5 /* AudioFileRecorder.swift */ = {isa = PBXFileReference; lastKnownFileType = sourcecode.swift; path = AudioFileRecorder.swift; sourceTree = "<group>"; };
		5F1713AF276F6D39DE0BBB2D /* FlowState.swift */ = {isa = PBXFileReference; lastKnownFileType = sourcecode.swift; path = FlowState.swift; sourceTree = "<group>"; };
		61522BEB3CD0BA89D8688C9E /* FlowReducerTests.swift */ = {isa = PBXFileReference; lastKnownFileType = sourcecode.swift; path = FlowReducerTests.swift; sourceTree = "<group>"; };
		64008F83175E820C70232B03 /* OtoApp.swift */ = {isa = PBXFileReference; lastKnownFileType = sourcecode.swift; path = OtoApp.swift; sourceTree = "<group>"; };
		6A06A7466EDE896F24EE5773 /* Info.plist */ = {isa = PBXFileReference; lastKnownFileType = text.plist; path = Info.plist; sourceTree = "<group>"; };
		6C7E0BFE0AA4EAC384764608 /* LatencyMetricsRecorderTests.swift */ = {isa = PBXFileReference; lastKnownFileType = sourcecode.swift; path = LatencyMetricsRecorderTests.swift; sourceTree = "<group>"; };
		6FA0872165C06D18AAD855E9 /* TextInjectionModels.swift */ = {isa = PBXFileReference; lastKnownFileType = sourcecode.swift; path = TextInjectionModels.swift; sourceTree = "<group>"; };
		73C5BC82E0B0362D1D45AAD9 /* GlobalTranscriptPasteShortcutHandler.swift */ = {isa = PBXFileReference; lastKnownFileType = sourcecode.swift; path = GlobalTranscriptPasteShortcutHandler.swift; sourceTree = "<group>"; };
		74A583E1435A15B5198880B0 /* TranscriptStoreTests.swift */ = {isa = PBXFileReference; lastKnownFileType = sourcecode.swift; path = TranscriptStoreTests.swift; sourceTree = "<group>"; };
		774A6CA1F5129C91667D7F0E /* STTBackend.swift */ = {isa = PBXFileReference; lastKnownFileType = sourcecode.swift; path = STTBackend.swift; sourceTree = "<group>"; };
		7845E21AF6D9514BD7E2F9C9 /* AppState.swift */ = {isa = PBXFileReference; lastKnownFileType = sourcecode.swift; path = AppState.swift; sourceTree = "<group>"; };
		7FEE98277A31E355E7AF6628 /* FloatingOverlayView.swift */ = {isa = PBXFileReference; lastKnownFileType = sourcecode.swift; path = FloatingOverlayView.swift; sourceTree = "<group>"; };
		82248A88E3E75F26B464E92B /* config.json */ = {isa = PBXFileReference; lastKnownFileType = text.json; path = config.json; sourceTree = "<group>"; };
		85A8BBCC9F6F4FC73E403F38 /* DictationQualityPreset.swift */ = {isa = PBXFileReference; lastKnownFileType = sourcecode.swift; path = DictationQualityPreset.swift; sourceTree = "<group>"; };
		8700D5647F8FF370FAAE1DBD /* WhisperKitTranscriber.swift */ = {isa = PBXFileReference; lastKnownFileType = sourcecode.swift; path = WhisperKitTranscriber.swift; sourceTree = "<group>"; };
		8AFE56E9377C8E039BF3DB0B /* AppleFoundationTextRefiner.swift */ = {isa = PBXFileReference; lastKnownFileType = sourcecode.swift; path = AppleFoundationTextRefiner.swift; sourceTree = "<group>"; };
		8F333E3C683EA8B377EB3560 /* RefinementLatencyRecorder.swift */ = {isa = PBXFileReference; lastKnownFileType = sourcecode.swift; path = RefinementLatencyRecorder.swift; sourceTree = "<group>"; };
		92A25852EFD05A57ADAFBF34 /* TranscriptNormalizerTests.swift */ = {isa = PBXFileReference; lastKnownFileType = sourcecode.swift; path = TranscriptNormalizerTests.swift; sourceTree = "<group>"; };
		92D10556F5D867A6A9125D38 /* AdvancedSettingsView.swift */ = {isa = PBXFileReference; lastKnownFileType = sourcecode.swift; path = AdvancedSettingsView.swift; sourceTree = "<group>"; };
		94830C5F09064F718DDC7A40 /* MenuContentView.swift */ = {isa = PBXFileReference; lastKnownFileType = sourcecode.swift; path = MenuContentView.swift; sourceTree = "<group>"; };
		95CFB6A8149870DE1D64256C /* WhisperLatencyMetrics.swift */ = {isa = PBXFileReference; lastKnownFileType = sourcecode.swift; path = WhisperLatencyMetrics.swift; sourceTree = "<group>"; };
		97BA80567CEC62A882C54EB7 /* TextRefinementMode.swift */ = {isa = PBXFileReference; lastKnownFileType = sourcecode.swift; path = TextRefinementMode.swift; sourceTree = "<group>"; };
		9BB44CFB0B9E1C9379CBB189 /* ServiceConformances.swift */ = {isa = PBXFileReference; lastKnownFileType = sourcecode.swift; path = ServiceConformances.swift; sourceTree = "<group>"; };
		9C8BADE1E0D5316AC9DA3F1A /* OtoTests.xctest */ = {isa = PBXFileReference; explicitFileType = wrapper.cfbundle; includeInIndex = 0; path = OtoTests.xctest; sourceTree = BUILT_PRODUCTS_DIR; };
		9FC434FD2C91E5D11FBCA965 /* MelSpectrogram.mlmodelc */ = {isa = PBXFileReference; path = MelSpectrogram.mlmodelc; sourceTree = "<group>"; };
		A506EB87ACFD418186747B2D /* GlobalHotkeyService.swift */ = {isa = PBXFileReference; lastKnownFileType = sourcecode.swift; path = GlobalHotkeyService.swift; sourceTree = "<group>"; };
		AE869401E5E5965A1A6214D7 /* generation_config.json */ = {isa = PBXFileReference; lastKnownFileType = text.json; path = generation_config.json; sourceTree = "<group>"; };
		B0F19911603693FAA2AAFF2D /* RecordingFlowCoordinator.swift */ = {isa = PBXFileReference; lastKnownFileType = sourcecode.swift; path = RecordingFlowCoordinator.swift; sourceTree = "<group>"; };
		B155DA3F2C3B13F21424A8E3 /* HotkeyTriggerMode.swift */ = {isa = PBXFileReference; lastKnownFileType = sourcecode.swift; path = HotkeyTriggerMode.swift; sourceTree = "<group>"; };
		B2528D73C4A1E7E12EBDE930 /* LatencyMetricsRecorder.swift */ = {isa = PBXFileReference; lastKnownFileType = sourcecode.swift; path = LatencyMetricsRecorder.swift; sourceTree = "<group>"; };
		B40147ACDAF45781A31D0C03 /* TranscriptArtifacts.swift */ = {isa = PBXFileReference; lastKnownFileType = sourcecode.swift; path = TranscriptArtifacts.swift; sourceTree = "<group>"; };
		BA3397FB16B03EE9EA889BA2 /* ReliabilityFlowState.swift */ = {isa = PBXFileReference; lastKnownFileType = sourcecode.swift; path = ReliabilityFlowState.swift; sourceTree = "<group>"; };
		BB3A907BEDDB3D394C5C9ADA /* FrontmostApplicationTracker.swift */ = {isa = PBXFileReference; lastKnownFileType = sourcecode.swift; path = FrontmostApplicationTracker.swift; sourceTree = "<group>"; };
		C03E6BC1A3ABD168A73D06AD /* WhisperLatencyTrackerTests.swift */ = {isa = PBXFileReference; lastKnownFileType = sourcecode.swift; path = WhisperLatencyTrackerTests.swift; sourceTree = "<group>"; };
		C8F8518CF7720B50E4CDFA6A /* AppStateProjection.swift */ = {isa = PBXFileReference; lastKnownFileType = sourcecode.swift; path = AppStateProjection.swift; sourceTree = "<group>"; };
		CBAE7D8C72A54E8641ACB779 /* FnHotkeyInterpreterTests.swift */ = {isa = PBXFileReference; lastKnownFileType = sourcecode.swift; path = FnHotkeyInterpreterTests.swift; sourceTree = "<group>"; };
		D0E71670FCB0A2E67057DFF6 /* GlobalTranscriptPasteHotkeyService.swift */ = {isa = PBXFileReference; lastKnownFileType = sourcecode.swift; path = GlobalTranscriptPasteHotkeyService.swift; sourceTree = "<group>"; };
		D48E89B42B3B21FC716FBE28 /* TranscriptHistoryStoreTests.swift */ = {isa = PBXFileReference; lastKnownFileType = sourcecode.swift; path = TranscriptHistoryStoreTests.swift; sourceTree = "<group>"; };
		DD000A70B1F921533F275832 /* SessionTranscriptClipboard.swift */ = {isa = PBXFileReference; lastKnownFileType = sourcecode.swift; path = SessionTranscriptClipboard.swift; sourceTree = "<group>"; };
		DDA451F3FAD719747E974DF7 /* RefinementLatencyMetrics.swift */ = {isa = PBXFileReference; lastKnownFileType = sourcecode.swift; path = RefinementLatencyMetrics.swift; sourceTree = "<group>"; };
		E2BE7F3CBD5DD24D8D53EBDF /* AdvancedSettingsWindowController.swift */ = {isa = PBXFileReference; lastKnownFileType = sourcecode.swift; path = AdvancedSettingsWindowController.swift; sourceTree = "<group>"; };
		E86457BBB8DA2FF8E14176BC /* Assets.xcassets */ = {isa = PBXFileReference; lastKnownFileType = folder.assetcatalog; path = Assets.xcassets; sourceTree = "<group>"; };
		E955AD7FBF4FAD874409598B /* WhisperKitTranscriberTests.swift */ = {isa = PBXFileReference; lastKnownFileType = sourcecode.swift; path = WhisperKitTranscriberTests.swift; sourceTree = "<group>"; };
		E995F012EDBFAD036A08391C /* RecorderVisualState.swift */ = {isa = PBXFileReference; lastKnownFileType = sourcecode.swift; path = RecorderVisualState.swift; sourceTree = "<group>"; };
		F20632989C08F2A6B50F25CB /* AppleSpeechTranscriberTests.swift */ = {isa = PBXFileReference; lastKnownFileType = sourcecode.swift; path = AppleSpeechTranscriberTests.swift; sourceTree = "<group>"; };
		FB6784C16CBB53C1947240C5 /* TranscriptHistoryEntry.swift */ = {isa = PBXFileReference; lastKnownFileType = sourcecode.swift; path = TranscriptHistoryEntry.swift; sourceTree = "<group>"; };
		FD7022B6656D84BFDD60D189 /* README.md */ = {isa = PBXFileReference; lastKnownFileType = net.daringfireball.markdown; path = README.md; sourceTree = "<group>"; };
/* End PBXFileReference section */

/* Begin PBXFrameworksBuildPhase section */
		1ECDAAEA2D61E046AA541BB7 /* Frameworks */ = {
			isa = PBXFrameworksBuildPhase;
			buildActionMask = 2147483647;
			files = (
				EE27AA2BA243E0AFC462FC5D /* WhisperKit in Frameworks */,
			);
			runOnlyForDeploymentPostprocessing = 0;
		};
/* End PBXFrameworksBuildPhase section */

/* Begin PBXGroup section */
		107034CD9B23040C421FAAAD /* OtoTests */ = {
			isa = PBXGroup;
			children = (
				3B11B4DB90B7E13D1D6AD26F /* AppleFoundationTextRefinerTests.swift */,
				F20632989C08F2A6B50F25CB /* AppleSpeechTranscriberTests.swift */,
				029D18DCE2CA86C99A62A263 /* AppStateProjectionTests.swift */,
				5730727AC6446567BE4A33A8 /* CommandVPasteServiceTests.swift */,
				61522BEB3CD0BA89D8688C9E /* FlowReducerTests.swift */,
				CBAE7D8C72A54E8641ACB779 /* FnHotkeyInterpreterTests.swift */,
				2DF78ED3AFF0621010D7FC83 /* GlobalTranscriptPasteShortcutHandlerTests.swift */,
				6C7E0BFE0AA4EAC384764608 /* LatencyMetricsRecorderTests.swift */,
				15D77400371570C0A3287443 /* RecordingFlowCoordinatorRefinementTests.swift */,
				351064DDFDAB14261C1C75CE /* RecordingFlowCoordinatorTests.swift */,
				2D653260E8B2D59A58C11616 /* RefinementLatencyRecorderTests.swift */,
				2C17792B6B94553CB9F0D62D /* SessionTranscriptClipboardTests.swift */,
				3C5D3DAA37B3C7B81E99CC72 /* TextInjectionServiceTests.swift */,
				5637F60B38F877B887594748 /* TextRefinementPolicyTests.swift */,
				D48E89B42B3B21FC716FBE28 /* TranscriptHistoryStoreTests.swift */,
				92A25852EFD05A57ADAFBF34 /* TranscriptNormalizerTests.swift */,
				74A583E1435A15B5198880B0 /* TranscriptStoreTests.swift */,
				E955AD7FBF4FAD874409598B /* WhisperKitTranscriberTests.swift */,
				C03E6BC1A3ABD168A73D06AD /* WhisperLatencyTrackerTests.swift */,
			);
			path = OtoTests;
			sourceTree = "<group>";
		};
		2E6DA987C763EA655ADEF746 /* Protocols */ = {
			isa = PBXGroup;
			children = (
				1054DD8A0FE02CD53EF2CFD1 /* ServiceProtocols.swift */,
			);
			path = Protocols;
			sourceTree = "<group>";
		};
		36654E64EB35F00CF3FA7EEB /* Oto */ = {
			isa = PBXGroup;
			children = (
				7845E21AF6D9514BD7E2F9C9 /* AppState.swift */,
				E86457BBB8DA2FF8E14176BC /* Assets.xcassets */,
				6A06A7466EDE896F24EE5773 /* Info.plist */,
				64008F83175E820C70232B03 /* OtoApp.swift */,
				C9969A96A55173DFE245AD47 /* Model */,
				49E17A36C33F16B791FDCB71 /* Resources */,
				9D6FF4C0BE4037475C49FC9C /* Services */,
				60BBD09A63904D3A8AE4DB90 /* Views */,
				6E0DA9A7427D008A1CFBEB95 /* Windows */,
			);
			path = Oto;
			sourceTree = "<group>";
		};
		41ABDB7654C1DC2AA0946AD4 /* openai_whisper-base */ = {
			isa = PBXGroup;
			children = (
				2B9F70F62FCF16EDB791DFBB /* AudioEncoder.mlmodelc */,
				82248A88E3E75F26B464E92B /* config.json */,
				AE869401E5E5965A1A6214D7 /* generation_config.json */,
				9FC434FD2C91E5D11FBCA965 /* MelSpectrogram.mlmodelc */,
				5CCEA0542CFBF70D32692B3F /* TextDecoder.mlmodelc */,
			);
			path = "openai_whisper-base";
			sourceTree = "<group>";
		};
		4681D45F099E8A63C7053200 /* whisper-base */ = {
			isa = PBXGroup;
			children = (
				35BE87DA37F36171C1D48F9C /* tokenizer.json */,
			);
			path = "whisper-base";
			sourceTree = "<group>";
		};
		49E17A36C33F16B791FDCB71 /* Resources */ = {
			isa = PBXGroup;
			children = (
				715D13202F0574939DA0CD8B /* WhisperModels */,
			);
			path = Resources;
			sourceTree = "<group>";
		};
		60287C6A21DC9E6D82BD525F = {
			isa = PBXGroup;
			children = (
				36654E64EB35F00CF3FA7EEB /* Oto */,
				107034CD9B23040C421FAAAD /* OtoTests */,
				856A8CAFE0C1D09971E0B221 /* Products */,
			);
			sourceTree = "<group>";
		};
		60BBD09A63904D3A8AE4DB90 /* Views */ = {
			isa = PBXGroup;
			children = (
				92D10556F5D867A6A9125D38 /* AdvancedSettingsView.swift */,
				7FEE98277A31E355E7AF6628 /* FloatingOverlayView.swift */,
				94830C5F09064F718DDC7A40 /* MenuContentView.swift */,
			);
			path = Views;
			sourceTree = "<group>";
		};
		6E0DA9A7427D008A1CFBEB95 /* Windows */ = {
			isa = PBXGroup;
			children = (
				E2BE7F3CBD5DD24D8D53EBDF /* AdvancedSettingsWindowController.swift */,
				57E84B1EA1A3193297F375FE /* FloatingOverlayWindowController.swift */,
			);
			path = Windows;
			sourceTree = "<group>";
		};
		715D13202F0574939DA0CD8B /* WhisperModels */ = {
			isa = PBXGroup;
			children = (
				FD7022B6656D84BFDD60D189 /* README.md */,
				F6F478A4858F029F41CF1454 /* argmaxinc */,
				803539312AA286545908D575 /* openai */,
			);
			path = WhisperModels;
			sourceTree = "<group>";
		};
		803539312AA286545908D575 /* openai */ = {
			isa = PBXGroup;
			children = (
				4681D45F099E8A63C7053200 /* whisper-base */,
			);
			path = openai;
			sourceTree = "<group>";
		};
		856A8CAFE0C1D09971E0B221 /* Products */ = {
			isa = PBXGroup;
			children = (
				107B208E59B7C941B87E621D /* Oto.app */,
				9C8BADE1E0D5316AC9DA3F1A /* OtoTests.xctest */,
			);
			name = Products;
			sourceTree = "<group>";
		};
		9D6FF4C0BE4037475C49FC9C /* Services */ = {
			isa = PBXGroup;
			children = (
				8AFE56E9377C8E039BF3DB0B /* AppleFoundationTextRefiner.swift */,
				2C06F49762AB80C6DEF81851 /* AppleSpeechTranscriber.swift */,
				5EF402121CB300C7F16B0FE5 /* AudioFileRecorder.swift */,
				388CAC0677DEF01040D75534 /* CommandVPasteService.swift */,
				38B9950FE5EDCF61B9B86D43 /* FnHotkeyInterpreter.swift */,
				BB3A907BEDDB3D394C5C9ADA /* FrontmostApplicationTracker.swift */,
				A506EB87ACFD418186747B2D /* GlobalHotkeyService.swift */,
				D0E71670FCB0A2E67057DFF6 /* GlobalTranscriptPasteHotkeyService.swift */,
				73C5BC82E0B0362D1D45AAD9 /* GlobalTranscriptPasteShortcutHandler.swift */,
				B2528D73C4A1E7E12EBDE930 /* LatencyMetricsRecorder.swift */,
				4866BD840DF69D814F1261BF /* OtoLogger.swift */,
				B0F19911603693FAA2AAFF2D /* RecordingFlowCoordinator.swift */,
				8F333E3C683EA8B377EB3560 /* RefinementLatencyRecorder.swift */,
				9BB44CFB0B9E1C9379CBB189 /* ServiceConformances.swift */,
				DD000A70B1F921533F275832 /* SessionTranscriptClipboard.swift */,
				3DCBB5BD2235278987AC5BA8 /* TextInjectionService.swift */,
				0E5A874871104234E5329DC7 /* TextRefinementPolicy.swift */,
				269876A5BF39F03987E45304 /* TranscriptHistoryStore.swift */,
				4B07827C944535416770E678 /* TranscriptNormalizer.swift */,
				5D1DEA11D03AD97E547360FA /* TranscriptStore.swift */,
				8700D5647F8FF370FAAE1DBD /* WhisperKitTranscriber.swift */,
				2E6DA987C763EA655ADEF746 /* Protocols */,
			);
			path = Services;
			sourceTree = "<group>";
		};
		C9969A96A55173DFE245AD47 /* Model */ = {
			isa = PBXGroup;
			children = (
				C8F8518CF7720B50E4CDFA6A /* AppStateProjection.swift */,
				2B6086EEEC91E1AF428100F1 /* BackendLatencyMetrics.swift */,
				85A8BBCC9F6F4FC73E403F38 /* DictationQualityPreset.swift */,
				2399FA3DE163B633B8BC2018 /* FlowEvent.swift */,
				0C97887C6158C5855A8D1B60 /* FlowReducer.swift */,
				5F1713AF276F6D39DE0BBB2D /* FlowState.swift */,
				B155DA3F2C3B13F21424A8E3 /* HotkeyTriggerMode.swift */,
				E995F012EDBFAD036A08391C /* RecorderVisualState.swift */,
				DDA451F3FAD719747E974DF7 /* RefinementLatencyMetrics.swift */,
				BA3397FB16B03EE9EA889BA2 /* ReliabilityFlowState.swift */,
				774A6CA1F5129C91667D7F0E /* STTBackend.swift */,
				6FA0872165C06D18AAD855E9 /* TextInjectionModels.swift */,
				97BA80567CEC62A882C54EB7 /* TextRefinementMode.swift */,
				3DA4A65E1FC87B1A4C7758C1 /* TextRefinementModels.swift */,
				B40147ACDAF45781A31D0C03 /* TranscriptArtifacts.swift */,
				FB6784C16CBB53C1947240C5 /* TranscriptHistoryEntry.swift */,
				95CFB6A8149870DE1D64256C /* WhisperLatencyMetrics.swift */,
			);
			path = Model;
			sourceTree = "<group>";
		};
		F107E43EF07AD38197674318 /* whisperkit-coreml */ = {
			isa = PBXGroup;
			children = (
				41ABDB7654C1DC2AA0946AD4 /* openai_whisper-base */,
			);
			path = "whisperkit-coreml";
			sourceTree = "<group>";
		};
		F6F478A4858F029F41CF1454 /* argmaxinc */ = {
			isa = PBXGroup;
			children = (
				F107E43EF07AD38197674318 /* whisperkit-coreml */,
			);
			path = argmaxinc;
			sourceTree = "<group>";
		};
/* End PBXGroup section */

/* Begin PBXNativeTarget section */
		5B309A1BE1C80A162DED1A6A /* OtoTests */ = {
			isa = PBXNativeTarget;
			buildConfigurationList = 90F505B75463E9825A91631B /* Build configuration list for PBXNativeTarget "OtoTests" */;
			buildPhases = (
				1EDC26F36518A945F7BB5EDC /* Sources */,
			);
			buildRules = (
			);
			dependencies = (
				FFF572BFC7E3EF1A3A6696EE /* PBXTargetDependency */,
			);
			name = OtoTests;
			packageProductDependencies = (
			);
			productName = OtoTests;
			productReference = 9C8BADE1E0D5316AC9DA3F1A /* OtoTests.xctest */;
			productType = "com.apple.product-type.bundle.unit-test";
		};
		E0E81D2D0F664538CA08C5FD /* Oto */ = {
			isa = PBXNativeTarget;
			buildConfigurationList = D0A810A44535676E2CDCD591 /* Build configuration list for PBXNativeTarget "Oto" */;
			buildPhases = (
				71C1A1460F4640B6CB61A78B /* Sources */,
				F30EF1B18385619AECE380CB /* Resources */,
				1ECDAAEA2D61E046AA541BB7 /* Frameworks */,
			);
			buildRules = (
			);
			dependencies = (
			);
			name = Oto;
			packageProductDependencies = (
				1115AEEADAA9FF724B1F6043 /* WhisperKit */,
			);
			productName = Oto;
			productReference = 107B208E59B7C941B87E621D /* Oto.app */;
			productType = "com.apple.product-type.application";
		};
/* End PBXNativeTarget section */

/* Begin PBXProject section */
		EEFB248B9FE4E0F502D92FAB /* Project object */ = {
			isa = PBXProject;
			attributes = {
				BuildIndependentTargetsInParallel = YES;
				LastUpgradeCheck = 1430;
				TargetAttributes = {
					E0E81D2D0F664538CA08C5FD = {
						DevelopmentTeam = 2V3Y2M9YFN;
						ProvisioningStyle = Automatic;
					};
				};
			};
			buildConfigurationList = E70C386FE2389110079057C6 /* Build configuration list for PBXProject "Oto" */;
			compatibilityVersion = "Xcode 14.0";
			developmentRegion = en;
			hasScannedForEncodings = 0;
			knownRegions = (
				Base,
				en,
			);
			mainGroup = 60287C6A21DC9E6D82BD525F;
			minimizedProjectReferenceProxies = 1;
			packageReferences = (
				170D9CBFD2B3CF8B7A5EDD74 /* XCRemoteSwiftPackageReference "WhisperKit" */,
			);
			preferredProjectObjectVersion = 77;
			projectDirPath = "";
			projectRoot = "";
			targets = (
				E0E81D2D0F664538CA08C5FD /* Oto */,
				5B309A1BE1C80A162DED1A6A /* OtoTests */,
			);
		};
/* End PBXProject section */

/* Begin PBXResourcesBuildPhase section */
		F30EF1B18385619AECE380CB /* Resources */ = {
			isa = PBXResourcesBuildPhase;
			buildActionMask = 2147483647;
			files = (
				CF71787BFFE35B678D0B7B44 /* Assets.xcassets in Resources */,
				25840DF77FDF4665A07B3C16 /* AudioEncoder.mlmodelc in Resources */,
				D39D1238B4241DDFF6B71AC6 /* MelSpectrogram.mlmodelc in Resources */,
				A387A4C3C38924207789465B /* README.md in Resources */,
				B5C39A61AD24CF4BDEDF6B07 /* TextDecoder.mlmodelc in Resources */,
				885C76F54EB7D2BB2F0B68E0 /* config.json in Resources */,
				A4F1C0DED18E15BD7E1379B6 /* generation_config.json in Resources */,
				5FF92D94ED9ACFBD5FD1626E /* tokenizer.json in Resources */,
			);
			runOnlyForDeploymentPostprocessing = 0;
		};
/* End PBXResourcesBuildPhase section */

/* Begin PBXSourcesBuildPhase section */
		1EDC26F36518A945F7BB5EDC /* Sources */ = {
			isa = PBXSourcesBuildPhase;
			buildActionMask = 2147483647;
			files = (
				0CC272532BA67F5F75CF8EB9 /* AppStateProjectionTests.swift in Sources */,
				076FB575CDF5ADDC99A9B684 /* AppleFoundationTextRefinerTests.swift in Sources */,
				01A5C9972CECFFEC93121302 /* AppleSpeechTranscriberTests.swift in Sources */,
				BEF35925BA48896F8538A3FA /* CommandVPasteServiceTests.swift in Sources */,
				9A69DC90E4EEFAE7FB6AA490 /* FlowReducerTests.swift in Sources */,
				1875F2A87EA9A06682F2FE5E /* FnHotkeyInterpreterTests.swift in Sources */,
				4E2409D6F711A7D88D8C21DA /* GlobalTranscriptPasteShortcutHandlerTests.swift in Sources */,
				718FA72929265F1DF5247449 /* LatencyMetricsRecorderTests.swift in Sources */,
				F2F49DF051BAE47510BB142B /* RecordingFlowCoordinatorRefinementTests.swift in Sources */,
				38E954A3C58AD79651ACF77C /* RecordingFlowCoordinatorTests.swift in Sources */,
				356E7910AD141A71604B9D78 /* RefinementLatencyRecorderTests.swift in Sources */,
				5A6108ED42A153B2101DCD91 /* SessionTranscriptClipboardTests.swift in Sources */,
				95BB63344B75F995A753C8D1 /* TextInjectionServiceTests.swift in Sources */,
				90BAF462B814B92BBFA6126B /* TextRefinementPolicyTests.swift in Sources */,
				5BD39B172BEEF3A0625BD6E1 /* TranscriptHistoryStoreTests.swift in Sources */,
				65E7A6DA7B14DD568FFA253D /* TranscriptNormalizerTests.swift in Sources */,
				26883EFEA262F404E7539B46 /* TranscriptStoreTests.swift in Sources */,
				85E4DB4EEC5C3E3235E28E3D /* WhisperKitTranscriberTests.swift in Sources */,
				7F6C8D201606BCC3BE6419E2 /* WhisperLatencyTrackerTests.swift in Sources */,
			);
			runOnlyForDeploymentPostprocessing = 0;
		};
		71C1A1460F4640B6CB61A78B /* Sources */ = {
			isa = PBXSourcesBuildPhase;
			buildActionMask = 2147483647;
			files = (
				07FCAFD9366068F4E865FCAF /* AdvancedSettingsView.swift in Sources */,
				D92CE9F5E7A2B61063DADB43 /* AdvancedSettingsWindowController.swift in Sources */,
				35E01C16708C556528014B4B /* AppState.swift in Sources */,
				B63B2B523D0698587DDE207F /* AppStateProjection.swift in Sources */,
				D58A35A946DA732A1BFCAA61 /* AppleFoundationTextRefiner.swift in Sources */,
				99F65CEFFCF3B09840EB120F /* AppleSpeechTranscriber.swift in Sources */,
				9DF4F353A36A8E9BAA2960C9 /* AudioFileRecorder.swift in Sources */,
				BC37241257D04675A24D4204 /* BackendLatencyMetrics.swift in Sources */,
				51AB22219E3CE9D1C09ADC0F /* CommandVPasteService.swift in Sources */,
				047A9BB643958C8688E54FA7 /* DictationQualityPreset.swift in Sources */,
				5963445E4C5B49DE2351B2D1 /* FloatingOverlayView.swift in Sources */,
				7D11C18C47BAE87FA2C74FA7 /* FloatingOverlayWindowController.swift in Sources */,
				009E59BD8CA1E7AD71FDEB81 /* FlowEvent.swift in Sources */,
				16DF2652EBD1DF09812B2BE9 /* FlowReducer.swift in Sources */,
				2F071CE6DDD2DFB9E97CADC9 /* FlowState.swift in Sources */,
				D75A91E8EA9720254CF88D25 /* FnHotkeyInterpreter.swift in Sources */,
				58492A46D5C4084578CFBD3C /* FrontmostApplicationTracker.swift in Sources */,
				67FCC16DF418B363C2F355A4 /* GlobalHotkeyService.swift in Sources */,
				870EA9BE2EA2610BE69B3FBF /* GlobalTranscriptPasteHotkeyService.swift in Sources */,
				3A3B2481A32D4DCAD2D37434 /* GlobalTranscriptPasteShortcutHandler.swift in Sources */,
				FAC04CFA9F99EBB0ABE096FF /* HotkeyTriggerMode.swift in Sources */,
				13EEA5523CF39C0F5388D9AD /* LatencyMetricsRecorder.swift in Sources */,
				C5231A076A26045208F43689 /* MenuContentView.swift in Sources */,
				EE1EF0388047890E13DCDF51 /* OtoApp.swift in Sources */,
				18B58FE621F7DC3CFAC597BB /* OtoLogger.swift in Sources */,
				3684C0788B23EFBE7C48346E /* RecorderVisualState.swift in Sources */,
				5112DF1EF36BB30603607D84 /* RecordingFlowCoordinator.swift in Sources */,
				69B5B5B0D58D1BBD43AAAF6B /* RefinementLatencyMetrics.swift in Sources */,
				753CBAEF419CB369024AAD77 /* RefinementLatencyRecorder.swift in Sources */,
				B6409969D9ADB68B7640CBB1 /* ReliabilityFlowState.swift in Sources */,
				BE7833B200852E5ADCFABAD2 /* STTBackend.swift in Sources */,
				42AF6424E28A3D153EE0CE1A /* ServiceConformances.swift in Sources */,
				4974A9AA8C8C737D6FC9B4B3 /* ServiceProtocols.swift in Sources */,
				594637A8CBABB5E3466B1F84 /* SessionTranscriptClipboard.swift in Sources */,
				59A9975A3CC0D1C7E277B7DF /* TextInjectionModels.swift in Sources */,
				A7BD94BE7591B5A46FE31B82 /* TextInjectionService.swift in Sources */,
				D24C579BDD02CD30F6BE4A12 /* TextRefinementMode.swift in Sources */,
				7D90BB97586805950C0FDB50 /* TextRefinementModels.swift in Sources */,
				97D24D84F6ADA819B127AF86 /* TextRefinementPolicy.swift in Sources */,
				3517361859534F471889D8F8 /* TranscriptArtifacts.swift in Sources */,
				6CFDCDC3BB1F28C45A6CD69C /* TranscriptHistoryEntry.swift in Sources */,
				8B3C18FCBFC965559BA1E410 /* TranscriptHistoryStore.swift in Sources */,
				C99047DC037D2821DBAB2A6B /* TranscriptNormalizer.swift in Sources */,
				E3D6325196FAB1579E43D706 /* TranscriptStore.swift in Sources */,
				EF7005588CC8D83C35C525BB /* WhisperKitTranscriber.swift in Sources */,
				4170EB41708D9F056748BC44 /* WhisperLatencyMetrics.swift in Sources */,
			);
			runOnlyForDeploymentPostprocessing = 0;
		};
/* End PBXSourcesBuildPhase section */

/* Begin PBXTargetDependency section */
		FFF572BFC7E3EF1A3A6696EE /* PBXTargetDependency */ = {
			isa = PBXTargetDependency;
			target = E0E81D2D0F664538CA08C5FD /* Oto */;
			targetProxy = 74073231E70CA96FB650F7B8 /* PBXContainerItemProxy */;
		};
/* End PBXTargetDependency section */

/* Begin XCBuildConfiguration section */
		114538BBC2CF1770DFC46EC4 /* Release */ = {
			isa = XCBuildConfiguration;
			buildSettings = {
				"ARCHS[sdk=macosx*]" = arm64;
				ASSETCATALOG_COMPILER_APPICON_NAME = AppIcon;
				CODE_SIGN_IDENTITY = "Apple Development";
				"CODE_SIGN_IDENTITY[sdk=macosx*]" = "Apple Development";
				CODE_SIGN_STYLE = Automatic;
				COMBINE_HIDPI_IMAGES = YES;
				CURRENT_PROJECT_VERSION = 1;
				DEVELOPMENT_TEAM = 2V3Y2M9YFN;
				"EXCLUDED_ARCHS[sdk=macosx*]" = x86_64;
				GENERATE_INFOPLIST_FILE = NO;
				INFOPLIST_FILE = Oto/Info.plist;
				LD_RUNPATH_SEARCH_PATHS = (
					"$(inherited)",
					"@executable_path/../Frameworks",
				);
				MACOSX_DEPLOYMENT_TARGET = 26.0;
				MARKETING_VERSION = 0.1.0;
				PRODUCT_BUNDLE_IDENTIFIER = com.remi.oto;
				PROVISIONING_PROFILE_SPECIFIER = "";
				SDKROOT = macosx;
				SWIFT_VERSION = 5.0;
			};
			name = Release;
		};
		51478044B6416BE9F113CC72 /* Debug */ = {
			isa = XCBuildConfiguration;
			buildSettings = {
				"ARCHS[sdk=macosx*]" = arm64;
				BUNDLE_LOADER = "$(TEST_HOST)";
				COMBINE_HIDPI_IMAGES = YES;
				"EXCLUDED_ARCHS[sdk=macosx*]" = x86_64;
				GENERATE_INFOPLIST_FILE = YES;
				LD_RUNPATH_SEARCH_PATHS = (
					"$(inherited)",
					"@executable_path/../Frameworks",
					"@loader_path/../Frameworks",
				);
				MACOSX_DEPLOYMENT_TARGET = 26.0;
				SDKROOT = macosx;
				TEST_HOST = "$(BUILT_PRODUCTS_DIR)/Oto.app/Contents/MacOS/Oto";
			};
			name = Debug;
		};
		89431A822499016931ADC031 /* Debug */ = {
			isa = XCBuildConfiguration;
			buildSettings = {
				"ARCHS[sdk=macosx*]" = arm64;
				ASSETCATALOG_COMPILER_APPICON_NAME = AppIcon;
				CODE_SIGN_IDENTITY = "Apple Development";
				"CODE_SIGN_IDENTITY[sdk=macosx*]" = "Apple Development";
				CODE_SIGN_STYLE = Automatic;
				COMBINE_HIDPI_IMAGES = YES;
				CURRENT_PROJECT_VERSION = 1;
				DEVELOPMENT_TEAM = 2V3Y2M9YFN;
				"EXCLUDED_ARCHS[sdk=macosx*]" = x86_64;
				GENERATE_INFOPLIST_FILE = NO;
				INFOPLIST_FILE = Oto/Info.plist;
				LD_RUNPATH_SEARCH_PATHS = (
					"$(inherited)",
					"@executable_path/../Frameworks",
				);
				MACOSX_DEPLOYMENT_TARGET = 26.0;
				MARKETING_VERSION = 0.1.0;
				PRODUCT_BUNDLE_IDENTIFIER = com.remi.oto;
				PROVISIONING_PROFILE_SPECIFIER = "";
				SDKROOT = macosx;
				SWIFT_VERSION = 5.0;
			};
			name = Debug;
		};
		9865CBED18E1CCA86B93FD74 /* Release */ = {
			isa = XCBuildConfiguration;
			buildSettings = {
				"ARCHS[sdk=macosx*]" = arm64;
				BUNDLE_LOADER = "$(TEST_HOST)";
				COMBINE_HIDPI_IMAGES = YES;
				"EXCLUDED_ARCHS[sdk=macosx*]" = x86_64;
				GENERATE_INFOPLIST_FILE = YES;
				LD_RUNPATH_SEARCH_PATHS = (
					"$(inherited)",
					"@executable_path/../Frameworks",
					"@loader_path/../Frameworks",
				);
				MACOSX_DEPLOYMENT_TARGET = 26.0;
				SDKROOT = macosx;
				TEST_HOST = "$(BUILT_PRODUCTS_DIR)/Oto.app/Contents/MacOS/Oto";
			};
			name = Release;
		};
		DC675E0765B3D29D75A502E1 /* Release */ = {
			isa = XCBuildConfiguration;
			buildSettings = {
				ALWAYS_SEARCH_USER_PATHS = NO;
				CLANG_ANALYZER_NONNULL = YES;
				CLANG_ANALYZER_NUMBER_OBJECT_CONVERSION = YES_AGGRESSIVE;
				CLANG_CXX_LANGUAGE_STANDARD = "gnu++14";
				CLANG_CXX_LIBRARY = "libc++";
				CLANG_ENABLE_MODULES = YES;
				CLANG_ENABLE_OBJC_ARC = YES;
				CLANG_ENABLE_OBJC_WEAK = YES;
				CLANG_WARN_BLOCK_CAPTURE_AUTORELEASING = YES;
				CLANG_WARN_BOOL_CONVERSION = YES;
				CLANG_WARN_COMMA = YES;
				CLANG_WARN_CONSTANT_CONVERSION = YES;
				CLANG_WARN_DEPRECATED_OBJC_IMPLEMENTATIONS = YES;
				CLANG_WARN_DIRECT_OBJC_ISA_USAGE = YES_ERROR;
				CLANG_WARN_DOCUMENTATION_COMMENTS = YES;
				CLANG_WARN_EMPTY_BODY = YES;
				CLANG_WARN_ENUM_CONVERSION = YES;
				CLANG_WARN_INFINITE_RECURSION = YES;
				CLANG_WARN_INT_CONVERSION = YES;
				CLANG_WARN_NON_LITERAL_NULL_CONVERSION = YES;
				CLANG_WARN_OBJC_IMPLICIT_RETAIN_SELF = YES;
				CLANG_WARN_OBJC_LITERAL_CONVERSION = YES;
				CLANG_WARN_OBJC_ROOT_CLASS = YES_ERROR;
				CLANG_WARN_QUOTED_INCLUDE_IN_FRAMEWORK_HEADER = YES;
				CLANG_WARN_RANGE_LOOP_ANALYSIS = YES;
				CLANG_WARN_STRICT_PROTOTYPES = YES;
				CLANG_WARN_SUSPICIOUS_MOVE = YES;
				CLANG_WARN_UNGUARDED_AVAILABILITY = YES_AGGRESSIVE;
				CLANG_WARN_UNREACHABLE_CODE = YES;
				CLANG_WARN__DUPLICATE_METHOD_MATCH = YES;
				COPY_PHASE_STRIP = NO;
				DEBUG_INFORMATION_FORMAT = "dwarf-with-dsym";
				ENABLE_NS_ASSERTIONS = NO;
				ENABLE_STRICT_OBJC_MSGSEND = YES;
				GCC_C_LANGUAGE_STANDARD = gnu11;
				GCC_NO_COMMON_BLOCKS = YES;
				GCC_WARN_64_TO_32_BIT_CONVERSION = YES;
				GCC_WARN_ABOUT_RETURN_TYPE = YES_ERROR;
				GCC_WARN_UNDECLARED_SELECTOR = YES;
				GCC_WARN_UNINITIALIZED_AUTOS = YES_AGGRESSIVE;
				GCC_WARN_UNUSED_FUNCTION = YES;
				GCC_WARN_UNUSED_VARIABLE = YES;
				MTL_ENABLE_DEBUG_INFO = NO;
				MTL_FAST_MATH = YES;
				PRODUCT_NAME = "$(TARGET_NAME)";
				SDKROOT = macosx;
				SWIFT_COMPILATION_MODE = wholemodule;
				SWIFT_OPTIMIZATION_LEVEL = "-O";
				SWIFT_VERSION = 5.0;
			};
			name = Release;
		};
		FF101E271C3851A52BBDA3F1 /* Debug */ = {
			isa = XCBuildConfiguration;
			buildSettings = {
				ALWAYS_SEARCH_USER_PATHS = NO;
				CLANG_ANALYZER_NONNULL = YES;
				CLANG_ANALYZER_NUMBER_OBJECT_CONVERSION = YES_AGGRESSIVE;
				CLANG_CXX_LANGUAGE_STANDARD = "gnu++14";
				CLANG_CXX_LIBRARY = "libc++";
				CLANG_ENABLE_MODULES = YES;
				CLANG_ENABLE_OBJC_ARC = YES;
				CLANG_ENABLE_OBJC_WEAK = YES;
				CLANG_WARN_BLOCK_CAPTURE_AUTORELEASING = YES;
				CLANG_WARN_BOOL_CONVERSION = YES;
				CLANG_WARN_COMMA = YES;
				CLANG_WARN_CONSTANT_CONVERSION = YES;
				CLANG_WARN_DEPRECATED_OBJC_IMPLEMENTATIONS = YES;
				CLANG_WARN_DIRECT_OBJC_ISA_USAGE = YES_ERROR;
				CLANG_WARN_DOCUMENTATION_COMMENTS = YES;
				CLANG_WARN_EMPTY_BODY = YES;
				CLANG_WARN_ENUM_CONVERSION = YES;
				CLANG_WARN_INFINITE_RECURSION = YES;
				CLANG_WARN_INT_CONVERSION = YES;
				CLANG_WARN_NON_LITERAL_NULL_CONVERSION = YES;
				CLANG_WARN_OBJC_IMPLICIT_RETAIN_SELF = YES;
				CLANG_WARN_OBJC_LITERAL_CONVERSION = YES;
				CLANG_WARN_OBJC_ROOT_CLASS = YES_ERROR;
				CLANG_WARN_QUOTED_INCLUDE_IN_FRAMEWORK_HEADER = YES;
				CLANG_WARN_RANGE_LOOP_ANALYSIS = YES;
				CLANG_WARN_STRICT_PROTOTYPES = YES;
				CLANG_WARN_SUSPICIOUS_MOVE = YES;
				CLANG_WARN_UNGUARDED_AVAILABILITY = YES_AGGRESSIVE;
				CLANG_WARN_UNREACHABLE_CODE = YES;
				CLANG_WARN__DUPLICATE_METHOD_MATCH = YES;
				COPY_PHASE_STRIP = NO;
				DEBUG_INFORMATION_FORMAT = dwarf;
				ENABLE_STRICT_OBJC_MSGSEND = YES;
				ENABLE_TESTABILITY = YES;
				GCC_C_LANGUAGE_STANDARD = gnu11;
				GCC_DYNAMIC_NO_PIC = NO;
				GCC_NO_COMMON_BLOCKS = YES;
				GCC_OPTIMIZATION_LEVEL = 0;
				GCC_PREPROCESSOR_DEFINITIONS = (
					"$(inherited)",
					"DEBUG=1",
				);
				GCC_WARN_64_TO_32_BIT_CONVERSION = YES;
				GCC_WARN_ABOUT_RETURN_TYPE = YES_ERROR;
				GCC_WARN_UNDECLARED_SELECTOR = YES;
				GCC_WARN_UNINITIALIZED_AUTOS = YES_AGGRESSIVE;
				GCC_WARN_UNUSED_FUNCTION = YES;
				GCC_WARN_UNUSED_VARIABLE = YES;
				MTL_ENABLE_DEBUG_INFO = INCLUDE_SOURCE;
				MTL_FAST_MATH = YES;
				ONLY_ACTIVE_ARCH = YES;
				PRODUCT_NAME = "$(TARGET_NAME)";
				SDKROOT = macosx;
				SWIFT_ACTIVE_COMPILATION_CONDITIONS = DEBUG;
				SWIFT_OPTIMIZATION_LEVEL = "-Onone";
				SWIFT_VERSION = 5.0;
			};
			name = Debug;
		};
/* End XCBuildConfiguration section */

/* Begin XCConfigurationList section */
		90F505B75463E9825A91631B /* Build configuration list for PBXNativeTarget "OtoTests" */ = {
			isa = XCConfigurationList;
			buildConfigurations = (
				51478044B6416BE9F113CC72 /* Debug */,
				9865CBED18E1CCA86B93FD74 /* Release */,
			);
			defaultConfigurationIsVisible = 0;
			defaultConfigurationName = Debug;
		};
		D0A810A44535676E2CDCD591 /* Build configuration list for PBXNativeTarget "Oto" */ = {
			isa = XCConfigurationList;
			buildConfigurations = (
				89431A822499016931ADC031 /* Debug */,
				114538BBC2CF1770DFC46EC4 /* Release */,
			);
			defaultConfigurationIsVisible = 0;
			defaultConfigurationName = Debug;
		};
		E70C386FE2389110079057C6 /* Build configuration list for PBXProject "Oto" */ = {
			isa = XCConfigurationList;
			buildConfigurations = (
				FF101E271C3851A52BBDA3F1 /* Debug */,
				DC675E0765B3D29D75A502E1 /* Release */,
			);
			defaultConfigurationIsVisible = 0;
			defaultConfigurationName = Debug;
		};
/* End XCConfigurationList section */

/* Begin XCRemoteSwiftPackageReference section */
		170D9CBFD2B3CF8B7A5EDD74 /* XCRemoteSwiftPackageReference "WhisperKit" */ = {
			isa = XCRemoteSwiftPackageReference;
			repositoryURL = "https://github.com/argmaxinc/WhisperKit.git";
			requirement = {
				kind = upToNextMajorVersion;
				minimumVersion = 0.15.0;
			};
		};
/* End XCRemoteSwiftPackageReference section */

/* Begin XCSwiftPackageProductDependency section */
		1115AEEADAA9FF724B1F6043 /* WhisperKit */ = {
			isa = XCSwiftPackageProductDependency;
			package = 170D9CBFD2B3CF8B7A5EDD74 /* XCRemoteSwiftPackageReference "WhisperKit" */;
			productName = WhisperKit;
		};
/* End XCSwiftPackageProductDependency section */
	};
	rootObject = EEFB248B9FE4E0F502D92FAB /* Project object */;
}
